buf.build/gen/go/bufbuild/reflect/connectrpc/go v1.20.0-20240117202343-bf8f65e8876c.1 h1:kTLi4Em7Gm9ERmbHPaX4XbVgru6g4KocXlHQxBTkJuQ=
buf.build/gen/go/bufbuild/reflect/connectrpc/go v1.20.0-20240117202343-bf8f65e8876c.1/go.mod h1:8s+MxTI72fmOUciW2NvSBhQhwmOWL30CrYedkwyHf2w=
buf.build/gen/go/bufbuild/reflect/protocolbuffers/go v1.36.12-20240117202343-bf8f65e8876c.2 h1:/VM+hulEO3mGasvCkZH/zuSmY6zPDi2E7HNMdZ1jsTU=
buf.build/gen/go/bufbuild/reflect/protocolbuffers/go v1.36.12-20240117202343-bf8f65e8876c.2/go.mod h1:3jX60Ub76TejMVRjJBfqm0m5Cm7gfzJa3j57qHnSvXs=
connectrpc.com/connect v1.20.0 h1:6TNDAB+WeNd2uolWNlYczB5E0KNNaVMNUEx8JEUsPmQ=
connectrpc.com/connect v1.20.0/go.mod h1:A2ygJrukXwWy32vkCAAHNVguZrqZ+jeZ9rGRnGR4dN4=
github.com/google/go-cmp v0.7.0 h1:wk8382ETsv4JYUZwIsn6YpYiWiBsYLSJiTsyBybVuN8=
github.com/google/go-cmp v0.7.0/go.mod h1:pXiqmnSA92OHEEa9HXL2W4E7lf9JzCmGVUdgjX3N/iU=
google.golang.org/protobuf v1.36.12 h1:pJOKDDOyeXErUroCihFAd5LQuwXBSpVnKGrj5o/fwxc=
google.golang.org/protobuf v1.36.12/go.mod h1:HTf+CrKn2C3g5S8VImy6tdcUvCska2kB7j23XfzDpco=
